
Microsoft Visual Studio Solution File, Format Version 12.00
# Visual Studio Version 17
VisualStudioVersion = 17.2.32519.379
MinimumVisualStudioVersion = 10.0.40219.1
Project("{FAE04EC0-301F-11D3-BF4B-00C04F79EFBC}") = "SOLID", "SOLID.csproj", "{956E5BD5-69FA-4081-A819-3709131EE801}"
EndProject
Global
	GlobalSection(SolutionConfigurationPlatforms) = preSolution
		Debug|Any CPU = Debug|Any CPU
		Release|Any CPU = Release|Any CPU
	EndGlobalSection
	GlobalSection(ProjectConfigurationPlatforms) = postSolution
		{956E5BD5-69FA-4081-A819-3709131EE801}.Debug|Any CPU.ActiveCfg = Debug|Any CPU
		{956E5BD5-69FA-4081-A819-3709131EE801}.Debug|Any CPU.Build.0 = Debug|Any CPU
		{956E5BD5-69FA-4081-A819-3709131EE801}.Release|Any CPU.ActiveCfg = Release|Any CPU
		{956E5BD5-69FA-4081-A819-3709131EE801}.Release|Any CPU.Build.0 = Release|Any CPU
	EndGlobalSection
	GlobalSection(SolutionProperties) = preSolution
		HideSolutionNode = FALSE
	EndGlobalSection
	GlobalSection(ExtensibilityGlobals) = postSolution
		SolutionGuid = {1BE64FC8-FCB3-47B4-9AEF-F1B4282BB69C}
	EndGlobalSection
EndGlobal
